// !$*UTF8*$!
{
	archiveVersion = 1;
	classes = {
	};
	objectVersion = 46;
	objects = {

/* Begin PBXBuildFile section */
		24C304F4DC553421D8118CB1 /* Pods.framework in Frameworks */ = {isa = PBXBuildFile; fileRef = 8A38235AD93E216A3E42A787 /* Pods.framework */; };
		C32ABF021C1531F800D933F5 /* CreateDistressVC.swift in Sources */ = {isa = PBXBuildFile; fileRef = C32ABF011C1531F800D933F5 /* CreateDistressVC.swift */; settings = {ASSET_TAGS = (); }; };
		C32ABF041C15352F00D933F5 /* DistressCore.swift in Sources */ = {isa = PBXBuildFile; fileRef = C32ABF031C15352F00D933F5 /* DistressCore.swift */; settings = {ASSET_TAGS = (); }; };
		C3E02EB01C15104A00030EB4 /* AppDelegate.swift in Sources */ = {isa = PBXBuildFile; fileRef = C3E02EAF1C15104A00030EB4 /* AppDelegate.swift */; };
		C3E02EB21C15104A00030EB4 /* ViewController.swift in Sources */ = {isa = PBXBuildFile; fileRef = C3E02EB11C15104A00030EB4 /* ViewController.swift */; };
		C3E02EB51C15104A00030EB4 /* Main.storyboard in Resources */ = {isa = PBXBuildFile; fileRef = C3E02EB31C15104A00030EB4 /* Main.storyboard */; };
		C3E02EB71C15104A00030EB4 /* Assets.xcassets in Resources */ = {isa = PBXBuildFile; fileRef = C3E02EB61C15104A00030EB4 /* Assets.xcassets */; };
		C3E02EBA1C15104A00030EB4 /* LaunchScreen.storyboard in Resources */ = {isa = PBXBuildFile; fileRef = C3E02EB81C15104A00030EB4 /* LaunchScreen.storyboard */; };
		C3E02EBF1C15104A00030EB4 /* Distress_JohannHinck WatchKit App.app in Embed Watch Content */ = {isa = PBXBuildFile; fileRef = C3E02EBE1C15104A00030EB4 /* Distress_JohannHinck WatchKit App.app */; };
		C3E02EC51C15104A00030EB4 /* Interface.storyboard in Resources */ = {isa = PBXBuildFile; fileRef = C3E02EC31C15104A00030EB4 /* Interface.storyboard */; };
		C3E02EC71C15104A00030EB4 /* Assets.xcassets in Resources */ = {isa = PBXBuildFile; fileRef = C3E02EC61C15104A00030EB4 /* Assets.xcassets */; };
		C3E02ECE1C15104A00030EB4 /* Distress_JohannHinck WatchKit Extension.appex in Embed App Extensions */ = {isa = PBXBuildFile; fileRef = C3E02ECD1C15104A00030EB4 /* Distress_JohannHinck WatchKit Extension.appex */; settings = {ATTRIBUTES = (RemoveHeadersOnCopy, ); }; };
		C3E02ED31C15104A00030EB4 /* InterfaceController.swift in Sources */ = {isa = PBXBuildFile; fileRef = C3E02ED21C15104A00030EB4 /* InterfaceController.swift */; };
		C3E02ED51C15104A00030EB4 /* ExtensionDelegate.swift in Sources */ = {isa = PBXBuildFile; fileRef = C3E02ED41C15104A00030EB4 /* ExtensionDelegate.swift */; };
		C3E02ED71C15104A00030EB4 /* Assets.xcassets in Resources */ = {isa = PBXBuildFile; fileRef = C3E02ED61C15104A00030EB4 /* Assets.xcassets */; };
		C3E02EE91C15140400030EB4 /* CustomCVCell.swift in Sources */ = {isa = PBXBuildFile; fileRef = C3E02EE81C15140400030EB4 /* CustomCVCell.swift */; settings = {ASSET_TAGS = (); }; };
/* End PBXBuildFile section */

/* Begin PBXContainerItemProxy section */
		C3E02EC01C15104A00030EB4 /* PBXContainerItemProxy */ = {
			isa = PBXContainerItemProxy;
			containerPortal = C3E02EA41C15104A00030EB4 /* Project object */;
			proxyType = 1;
			remoteGlobalIDString = C3E02EBD1C15104A00030EB4;
			remoteInfo = "Distress_JohannHinck WatchKit App";
		};
		C3E02ECF1C15104A00030EB4 /* PBXContainerItemProxy */ = {
			isa = PBXContainerItemProxy;
			containerPortal = C3E02EA41C15104A00030EB4 /* Project object */;
			proxyType = 1;
			remoteGlobalIDString = C3E02ECC1C15104A00030EB4;
			remoteInfo = "Distress_JohannHinck WatchKit Extension";
		};
/* End PBXContainerItemProxy section */

/* Begin PBXCopyFilesBuildPhase section */
		C3E02EDE1C15104A00030EB4 /* Embed App Extensions */ = {
			isa = PBXCopyFilesBuildPhase;
			buildActionMask = 2147483647;
			dstPath = "";
			dstSubfolderSpec = 13;
			files = (
				C3E02ECE1C15104A00030EB4 /* Distress_JohannHinck WatchKit Extension.appex in Embed App Extensions */,
			);
			name = "Embed App Extensions";
			runOnlyForDeploymentPostprocessing = 0;
		};
		C3E02EE21C15104A00030EB4 /* Embed Watch Content */ = {
			isa = PBXCopyFilesBuildPhase;
			buildActionMask = 2147483647;
			dstPath = "$(CONTENTS_FOLDER_PATH)/Watch";
			dstSubfolderSpec = 16;
			files = (
				C3E02EBF1C15104A00030EB4 /* Distress_JohannHinck WatchKit App.app in Embed Watch Content */,
			);
			name = "Embed Watch Content";
			runOnlyForDeploymentPostprocessing = 0;
		};
/* End PBXCopyFilesBuildPhase section */

/* Begin PBXFileReference section */
		0C065B371D407417C1CE2331 /* Pods.debug.xcconfig */ = {isa = PBXFileReference; includeInIndex = 1; lastKnownFileType = text.xcconfig; name = Pods.debug.xcconfig; path = "Pods/Target Support Files/Pods/Pods.debug.xcconfig"; sourceTree = "<group>"; };
		8A38235AD93E216A3E42A787 /* Pods.framework */ = {isa = PBXFileReference; explicitFileType = wrapper.framework; includeInIndex = 0; path = Pods.framework; sourceTree = BUILT_PRODUCTS_DIR; };
		C32ABF011C1531F800D933F5 /* CreateDistressVC.swift */ = {isa = PBXFileReference; fileEncoding = 4; lastKnownFileType = sourcecode.swift; path = CreateDistressVC.swift; sourceTree = "<group>"; };
		C32ABF031C15352F00D933F5 /* DistressCore.swift */ = {isa = PBXFileReference; fileEncoding = 4; lastKnownFileType = sourcecode.swift; path = DistressCore.swift; sourceTree = "<group>"; };
		C3E02EAC1C15104A00030EB4 /* Distress_JohannHinck.app */ = {isa = PBXFileReference; explicitFileType = wrapper.application; includeInIndex = 0; path = Distress_JohannHinck.app; sourceTree = BUILT_PRODUCTS_DIR; };
		C3E02EAF1C15104A00030EB4 /* AppDelegate.swift */ = {isa = PBXFileReference; lastKnownFileType = sourcecode.swift; path = AppDelegate.swift; sourceTree = "<group>"; };
		C3E02EB11C15104A00030EB4 /* ViewController.swift */ = {isa = PBXFileReference; lastKnownFileType = sourcecode.swift; path = ViewController.swift; sourceTree = "<group>"; };
		C3E02EB41C15104A00030EB4 /* Base */ = {isa = PBXFileReference; lastKnownFileType = file.storyboard; name = Base; path = Base.lproj/Main.storyboard; sourceTree = "<group>"; };
		C3E02EB61C15104A00030EB4 /* Assets.xcassets */ = {isa = PBXFileReference; lastKnownFileType = folder.assetcatalog; path = Assets.xcassets; sourceTree = "<group>"; };
		C3E02EB91C15104A00030EB4 /* Base */ = {isa = PBXFileReference; lastKnownFileType = file.storyboard; name = Base; path = Base.lproj/LaunchScreen.storyboard; sourceTree = "<group>"; };
		C3E02EBB1C15104A00030EB4 /* Info.plist */ = {isa = PBXFileReference; lastKnownFileType = text.plist.xml; path = Info.plist; sourceTree = "<group>"; };
		C3E02EBE1C15104A00030EB4 /* Distress_JohannHinck WatchKit App.app */ = {isa = PBXFileReference; explicitFileType = wrapper.application; includeInIndex = 0; path = "Distress_JohannHinck WatchKit App.app"; sourceTree = BUILT_PRODUCTS_DIR; };
		C3E02EC41C15104A00030EB4 /* Base */ = {isa = PBXFileReference; lastKnownFileType = file.storyboard; name = Base; path = Base.lproj/Interface.storyboard; sourceTree = "<group>"; };
		C3E02EC61C15104A00030EB4 /* Assets.xcassets */ = {isa = PBXFileReference; lastKnownFileType = folder.assetcatalog; path = Assets.xcassets; sourceTree = "<group>"; };
		C3E02EC81C15104A00030EB4 /* Info.plist */ = {isa = PBXFileReference; lastKnownFileType = text.plist.xml; path = Info.plist; sourceTree = "<group>"; };
		C3E02ECD1C15104A00030EB4 /* Distress_JohannHinck WatchKit Extension.appex */ = {isa = PBXFileReference; explicitFileType = "wrapper.app-extension"; includeInIndex = 0; path = "Distress_JohannHinck WatchKit Extension.appex"; sourceTree = BUILT_PRODUCTS_DIR; };
		C3E02ED21C15104A00030EB4 /* InterfaceController.swift */ = {isa = PBXFileReference; lastKnownFileType = sourcecode.swift; path = InterfaceController.swift; sourceTree = "<group>"; };
		C3E02ED41C15104A00030EB4 /* ExtensionDelegate.swift */ = {isa = PBXFileReference; lastKnownFileType = sourcecode.swift; path = ExtensionDelegate.swift; sourceTree = "<group>"; };
		C3E02ED61C15104A00030EB4 /* Assets.xcassets */ = {isa = PBXFileReference; lastKnownFileType = folder.assetcatalog; path = Assets.xcassets; sourceTree = "<group>"; };
		C3E02ED81C15104A00030EB4 /* Info.plist */ = {isa = PBXFileReference; lastKnownFileType = text.plist.xml; path = Info.plist; sourceTree = "<group>"; };
		C3E02EE81C15140400030EB4 /* CustomCVCell.swift */ = {isa = PBXFileReference; fileEncoding = 4; lastKnownFileType = sourcecode.swift; path = CustomCVCell.swift; sourceTree = "<group>"; };
		CACFAECADE92588FFD8E1FD7 /* Pods.release.xcconfig */ = {isa = PBXFileReference; includeInIndex = 1; lastKnownFileType = text.xcconfig; name = Pods.release.xcconfig; path = "Pods/Target Support Files/Pods/Pods.release.xcconfig"; sourceTree = "<group>"; };
/* End PBXFileReference section */

/* Begin PBXFrameworksBuildPhase section */
		C3E02EA91C15104A00030EB4 /* Frameworks */ = {
			isa = PBXFrameworksBuildPhase;
			buildActionMask = 2147483647;
			files = (
				24C304F4DC553421D8118CB1 /* Pods.framework in Frameworks */,
			);
			runOnlyForDeploymentPostprocessing = 0;
		};
		C3E02ECA1C15104A00030EB4 /* Frameworks */ = {
			isa = PBXFrameworksBuildPhase;
			buildActionMask = 2147483647;
			files = (
			);
			runOnlyForDeploymentPostprocessing = 0;
		};
/* End PBXFrameworksBuildPhase section */

/* Begin PBXGroup section */
		69A3163DF570E8A6D4A7BB25 /* Pods */ = {
			isa = PBXGroup;
			children = (
				0C065B371D407417C1CE2331 /* Pods.debug.xcconfig */,
				CACFAECADE92588FFD8E1FD7 /* Pods.release.xcconfig */,
			);
			name = Pods;
			sourceTree = "<group>";
		};
		70DCCE4EDE89A8E7EE8EF314 /* Frameworks */ = {
			isa = PBXGroup;
			children = (
				8A38235AD93E216A3E42A787 /* Pods.framework */,
			);
			name = Frameworks;
			sourceTree = "<group>";
		};
		C3E02EA31C15104A00030EB4 = {
			isa = PBXGroup;
			children = (
				C3E02EAE1C15104A00030EB4 /* Distress_JohannHinck */,
				C3E02EC21C15104A00030EB4 /* Distress_JohannHinck WatchKit App */,
				C3E02ED11C15104A00030EB4 /* Distress_JohannHinck WatchKit Extension */,
				C3E02EAD1C15104A00030EB4 /* Products */,
				69A3163DF570E8A6D4A7BB25 /* Pods */,
				70DCCE4EDE89A8E7EE8EF314 /* Frameworks */,
			);
			sourceTree = "<group>";
		};
		C3E02EAD1C15104A00030EB4 /* Products */ = {
			isa = PBXGroup;
			children = (
				C3E02EAC1C15104A00030EB4 /* Distress_JohannHinck.app */,
				C3E02EBE1C15104A00030EB4 /* Distress_JohannHinck WatchKit App.app */,
				C3E02ECD1C15104A00030EB4 /* Distress_JohannHinck WatchKit Extension.appex */,
			);
			name = Products;
			sourceTree = "<group>";
		};
		C3E02EAE1C15104A00030EB4 /* Distress_JohannHinck */ = {
			isa = PBXGroup;
			children = (
				C3E02EAF1C15104A00030EB4 /* AppDelegate.swift */,
				C3E02EB11C15104A00030EB4 /* ViewController.swift */,
				C3E02EB31C15104A00030EB4 /* Main.storyboard */,
				C3E02EB61C15104A00030EB4 /* Assets.xcassets */,
				C3E02EB81C15104A00030EB4 /* LaunchScreen.storyboard */,
				C3E02EBB1C15104A00030EB4 /* Info.plist */,
				C3E02EE81C15140400030EB4 /* CustomCVCell.swift */,
				C32ABF011C1531F800D933F5 /* CreateDistressVC.swift */,
				C32ABF031C15352F00D933F5 /* DistressCore.swift */,
			);
			path = Distress_JohannHinck;
			sourceTree = "<group>";
		};
		C3E02EC21C15104A00030EB4 /* Distress_JohannHinck WatchKit App */ = {
			isa = PBXGroup;
			children = (
				C3E02EC31C15104A00030EB4 /* Interface.storyboard */,
				C3E02EC61C15104A00030EB4 /* Assets.xcassets */,
				C3E02EC81C15104A00030EB4 /* Info.plist */,
			);
			path = "Distress_JohannHinck WatchKit App";
			sourceTree = "<group>";
		};
		C3E02ED11C15104A00030EB4 /* Distress_JohannHinck WatchKit Extension */ = {
			isa = PBXGroup;
			children = (
				C3E02ED21C15104A00030EB4 /* InterfaceController.swift */,
				C3E02ED41C15104A00030EB4 /* ExtensionDelegate.swift */,
				C3E02ED61C15104A00030EB4 /* Assets.xcassets */,
				C3E02ED81C15104A00030EB4 /* Info.plist */,
			);
			path = "Distress_JohannHinck WatchKit Extension";
			sourceTree = "<group>";
		};
/* End PBXGroup section */

/* Begin PBXNativeTarget section */
		C3E02EAB1C15104A00030EB4 /* Distress_JohannHinck */ = {
			isa = PBXNativeTarget;
			buildConfigurationList = C3E02EE31C15104A00030EB4 /* Build configuration list for PBXNativeTarget "Distress_JohannHinck" */;
			buildPhases = (
				AE2330C084813F7DE325A1F7 /* Check Pods Manifest.lock */,
				C3E02EA81C15104A00030EB4 /* Sources */,
				C3E02EA91C15104A00030EB4 /* Frameworks */,
				C3E02EAA1C15104A00030EB4 /* Resources */,
				C3E02EE21C15104A00030EB4 /* Embed Watch Content */,
				D9F026CBFCCA76863F0395F3 /* Embed Pods Frameworks */,
				62CD751B5E92CD7A41238716 /* Copy Pods Resources */,
			);
			buildRules = (
			);
			dependencies = (
				C3E02EC11C15104A00030EB4 /* PBXTargetDependency */,
			);
			name = Distress_JohannHinck;
			productName = Distress_JohannHinck;
			productReference = C3E02EAC1C15104A00030EB4 /* Distress_JohannHinck.app */;
			productType = "com.apple.product-type.application";
		};
		C3E02EBD1C15104A00030EB4 /* Distress_JohannHinck WatchKit App */ = {
			isa = PBXNativeTarget;
			buildConfigurationList = C3E02EDF1C15104A00030EB4 /* Build configuration list for PBXNativeTarget "Distress_JohannHinck WatchKit App" */;
			buildPhases = (
				C3E02EBC1C15104A00030EB4 /* Resources */,
				C3E02EDE1C15104A00030EB4 /* Embed App Extensions */,
			);
			buildRules = (
			);
			dependencies = (
				C3E02ED01C15104A00030EB4 /* PBXTargetDependency */,
			);
			name = "Distress_JohannHinck WatchKit App";
			productName = "Distress_JohannHinck WatchKit App";
			productReference = C3E02EBE1C15104A00030EB4 /* Distress_JohannHinck WatchKit App.app */;
			productType = "com.apple.product-type.application.watchapp2";
		};
		C3E02ECC1C15104A00030EB4 /* Distress_JohannHinck WatchKit Extension */ = {
			isa = PBXNativeTarget;
			buildConfigurationList = C3E02EDB1C15104A00030EB4 /* Build configuration list for PBXNativeTarget "Distress_JohannHinck WatchKit Extension" */;
			buildPhases = (
				C3E02EC91C15104A00030EB4 /* Sources */,
				C3E02ECA1C15104A00030EB4 /* Frameworks */,
				C3E02ECB1C15104A00030EB4 /* Resources */,
			);
			buildRules = (
			);
			dependencies = (
			);
			name = "Distress_JohannHinck WatchKit Extension";
			productName = "Distress_JohannHinck WatchKit Extension";
			productReference = C3E02ECD1C15104A00030EB4 /* Distress_JohannHinck WatchKit Extension.appex */;
			productType = "com.apple.product-type.watchkit2-extension";
		};
/* End PBXNativeTarget section */

/* Begin PBXProject section */
		C3E02EA41C15104A00030EB4 /* Project object */ = {
			isa = PBXProject;
			attributes = {
				LastUpgradeCheck = 0700;
				ORGANIZATIONNAME = "Hinck, Johann A";
				TargetAttributes = {
					C3E02EAB1C15104A00030EB4 = {
						CreatedOnToolsVersion = 7.0;
					};
					C3E02EBD1C15104A00030EB4 = {
						CreatedOnToolsVersion = 7.0;
					};
					C3E02ECC1C15104A00030EB4 = {
						CreatedOnToolsVersion = 7.0;
					};
				};
			};
			buildConfigurationList = C3E02EA71C15104A00030EB4 /* Build configuration list for PBXProject "Distress_JohannHinck" */;
			compatibilityVersion = "Xcode 3.2";
			developmentRegion = English;
			hasScannedForEncodings = 0;
			knownRegions = (
				en,
				Base,
			);
			mainGroup = C3E02EA31C15104A00030EB4;
			productRefGroup = C3E02EAD1C15104A00030EB4 /* Products */;
			projectDirPath = "";
			projectRoot = "";
			targets = (
				C3E02EAB1C15104A00030EB4 /* Distress_JohannHinck */,
				C3E02EBD1C15104A00030EB4 /* Distress_JohannHinck WatchKit App */,
				C3E02ECC1C15104A00030EB4 /* Distress_JohannHinck WatchKit Extension */,
			);
		};
/* End PBXProject section */

/* Begin PBXResourcesBuildPhase section */
		C3E02EAA1C15104A00030EB4 /* Resources */ = {
			isa = PBXResourcesBuildPhase;
			buildActionMask = 2147483647;
			files = (
				C3E02EBA1C15104A00030EB4 /* LaunchScreen.storyboard in Resources */,
				C3E02EB71C15104A00030EB4 /* Assets.xcassets in Resources */,
				C3E02EB51C15104A00030EB4 /* Main.storyboard in Resources */,
			);
			runOnlyForDeploymentPostprocessing = 0;
		};
		C3E02EBC1C15104A00030EB4 /* Resources */ = {
			isa = PBXResourcesBuildPhase;
			buildActionMask = 2147483647;
			files = (
				C3E02EC71C15104A00030EB4 /* Assets.xcassets in Resources */,
				C3E02EC51C15104A00030EB4 /* Interface.storyboard in Resources */,
			);
			runOnlyForDeploymentPostprocessing = 0;
		};
		C3E02ECB1C15104A00030EB4 /* Resources */ = {
			isa = PBXResourcesBuildPhase;
			buildActionMask = 2147483647;
			files = (
				C3E02ED71C15104A00030EB4 /* Assets.xcassets in Resources */,
			);
			runOnlyForDeploymentPostprocessing = 0;
		};
/* End PBXResourcesBuildPhase section */

/* Begin PBXShellScriptBuildPhase section */
		62CD751B5E92CD7A41238716 /* Copy Pods Resources */ = {
			isa = PBXShellScriptBuildPhase;
			buildActionMask = 2147483647;
			files = (
			);
			inputPaths = (
			);
			name = "Copy Pods Resources";
			outputPaths = (
			);
			runOnlyForDeploymentPostprocessing = 0;
			shellPath = /bin/sh;
			shellScript = "\"${SRCROOT}/Pods/Target Support Files/Pods/Pods-resources.sh\"\n";
			showEnvVarsInLog = 0;
		};
		AE2330C084813F7DE325A1F7 /* Check Pods Manifest.lock */ = {
			isa = PBXShellScriptBuildPhase;
			buildActionMask = 2147483647;
			files = (
			);
			inputPaths = (
			);
			name = "Check Pods Manifest.lock";
			outputPaths = (
			);
			runOnlyForDeploymentPostprocessing = 0;
			shellPath = /bin/sh;
			shellScript = "diff \"${PODS_ROOT}/../Podfile.lock\" \"${PODS_ROOT}/Manifest.lock\" > /dev/null\nif [[ $? != 0 ]] ; then\n    cat << EOM\nerror: The sandbox is not in sync with the Podfile.lock. Run 'pod install' or update your CocoaPods installation.\nEOM\n    exit 1\nfi\n";
			showEnvVarsInLog = 0;
		};
		D9F026CBFCCA76863F0395F3 /* Embed Pods Frameworks */ = {
			isa = PBXShellScriptBuildPhase;
			buildActionMask = 2147483647;
			files = (
			);
			inputPaths = (
			);
			name = "Embed Pods Frameworks";
			outputPaths = (
			);
			runOnlyForDeploymentPostprocessing = 0;
			shellPath = /bin/sh;
			shellScript = "\"${SRCROOT}/Pods/Target Support Files/Pods/Pods-frameworks.sh\"\n";
			showEnvVarsInLog = 0;
		};
/* End PBXShellScriptBuildPhase section */

/* Begin PBXSourcesBuildPhase section */
		C3E02EA81C15104A00030EB4 /* Sources */ = {
			isa = PBXSourcesBuildPhase;
			buildActionMask = 2147483647;
			files = (
				C3E02EE91C15140400030EB4 /* CustomCVCell.swift in Sources */,
				C3E02EB21C15104A00030EB4 /* ViewController.swift in Sources */,
				C3E02EB01C15104A00030EB4 /* AppDelegate.swift in Sources */,
				C32ABF041C15352F00D933F5 /* DistressCore.swift in Sources */,
				C32ABF021C1531F800D933F5 /* CreateDistressVC.swift in Sources */,
			);
			runOnlyForDeploymentPostprocessing = 0;
		};
		C3E02EC91C15104A00030EB4 /* Sources */ = {
			isa = PBXSourcesBuildPhase;
			buildActionMask = 2147483647;
			files = (
				C3E02ED51C15104A00030EB4 /* ExtensionDelegate.swift in Sources */,
				C3E02ED31C15104A00030EB4 /* InterfaceController.swift in Sources */,
			);
			runOnlyForDeploymentPostprocessing = 0;
		};
/* End PBXSourcesBuildPhase section */

/* Begin PBXTargetDependency section */
		C3E02EC11C15104A00030EB4 /* PBXTargetDependency */ = {
			isa = PBXTargetDependency;
			target = C3E02EBD1C15104A00030EB4 /* Distress_JohannHinck WatchKit App */;
			targetProxy = C3E02EC01C15104A00030EB4 /* PBXContainerItemProxy */;
		};
		C3E02ED01C15104A00030EB4 /* PBXTargetDependency */ = {
			isa = PBXTargetDependency;
			target = C3E02ECC1C15104A00030EB4 /* Distress_JohannHinck WatchKit Extension */;
			targetProxy = C3E02ECF1C15104A00030EB4 /* PBXContainerItemProxy */;
		};
/* End PBXTargetDependency section */

/* Begin PBXVariantGroup section */
		C3E02EB31C15104A00030EB4 /* Main.storyboard */ = {
			isa = PBXVariantGroup;
			children = (
				C3E02EB41C15104A00030EB4 /* Base */,
			);
			name = Main.storyboard;
			sourceTree = "<group>";
		};
		C3E02EB81C15104A00030EB4 /* LaunchScreen.storyboard */ = {
			isa = PBXVariantGroup;
			children = (
				C3E02EB91C15104A00030EB4 /* Base */,
			);
			name = LaunchScreen.storyboard;
			sourceTree = "<group>";
		};
		C3E02EC31C15104A00030EB4 /* Interface.storyboard */ = {
			isa = PBXVariantGroup;
			children = (
				C3E02EC41C15104A00030EB4 /* Base */,
			);
			name = Interface.storyboard;
			sourceTree = "<group>";
		};
/* End PBXVariantGroup section */

/* Begin XCBuildConfiguration section */
		C3E02ED91C15104A00030EB4 /* Debug */ = {
			isa = XCBuildConfiguration;
			buildSettings = {
				ALWAYS_SEARCH_USER_PATHS = NO;
				CLANG_CXX_LANGUAGE_STANDARD = "gnu++0x";
				CLANG_CXX_LIBRARY = "libc++";
				CLANG_ENABLE_MODULES = YES;
				CLANG_ENABLE_OBJC_ARC = YES;
				CLANG_WARN_BOOL_CONVERSION = YES;
				CLANG_WARN_CONSTANT_CONVERSION = YES;
				CLANG_WARN_DIRECT_OBJC_ISA_USAGE = YES_ERROR;
				CLANG_WARN_EMPTY_BODY = YES;
				CLANG_WARN_ENUM_CONVERSION = YES;
				CLANG_WARN_INT_CONVERSION = YES;
				CLANG_WARN_OBJC_ROOT_CLASS = YES_ERROR;
				CLANG_WARN_UNREACHABLE_CODE = YES;
				CLANG_WARN__DUPLICATE_METHOD_MATCH = YES;
				"CODE_SIGN_IDENTITY[sdk=iphoneos*]" = "iPhone Developer";
				COPY_PHASE_STRIP = NO;
				DEBUG_INFORMATION_FORMAT = dwarf;
				ENABLE_STRICT_OBJC_MSGSEND = YES;
				ENABLE_TESTABILITY = YES;
				GCC_C_LANGUAGE_STANDARD = gnu99;
				GCC_DYNAMIC_NO_PIC = NO;
				GCC_NO_COMMON_BLOCKS = YES;
				GCC_OPTIMIZATION_LEVEL = 0;
				GCC_PREPROCESSOR_DEFINITIONS = (
					"DEBUG=1",
					"$(inherited)",
				);
				GCC_WARN_64_TO_32_BIT_CONVERSION = YES;
				GCC_WARN_ABOUT_RETURN_TYPE = YES_ERROR;
				GCC_WARN_UNDECLARED_SELECTOR = YES;
				GCC_WARN_UNINITIALIZED_AUTOS = YES_AGGRESSIVE;
				GCC_WARN_UNUSED_FUNCTION = YES;
				GCC_WARN_UNUSED_VARIABLE = YES;
				IPHONEOS_DEPLOYMENT_TARGET = 9.0;
				MTL_ENABLE_DEBUG_INFO = YES;
				ONLY_ACTIVE_ARCH = YES;
				SDKROOT = iphoneos;
				SWIFT_OPTIMIZATION_LEVEL = "-Onone";
				TARGETED_DEVICE_FAMILY = "1,2";
			};
			name = Debug;
		};
		C3E02EDA1C15104A00030EB4 /* Release */ = {
			isa = XCBuildConfiguration;
			buildSettings = {
				ALWAYS_SEARCH_USER_PATHS = NO;
				CLANG_CXX_LANGUAGE_STANDARD = "gnu++0x";
				CLANG_CXX_LIBRARY = "libc++";
				CLANG_ENABLE_MODULES = YES;
				CLANG_ENABLE_OBJC_ARC = YES;
				CLANG_WARN_BOOL_CONVERSION = YES;
				CLANG_WARN_CONSTANT_CONVERSION = YES;
				CLANG_WARN_DIRECT_OBJC_ISA_USAGE = YES_ERROR;
				CLANG_WARN_EMPTY_BODY = YES;
				CLANG_WARN_ENUM_CONVERSION = YES;
				CLANG_WARN_INT_CONVERSION = YES;
				CLANG_WARN_OBJC_ROOT_CLASS = YES_ERROR;
				CLANG_WARN_UNREACHABLE_CODE = YES;
				CLANG_WARN__DUPLICATE_METHOD_MATCH = YES;
				"CODE_SIGN_IDENTITY[sdk=iphoneos*]" = "iPhone Developer";
				COPY_PHASE_STRIP = NO;
				DEBUG_INFORMATION_FORMAT = "dwarf-with-dsym";
				ENABLE_NS_ASSERTIONS = NO;
				ENABLE_STRICT_OBJC_MSGSEND = YES;
				GCC_C_LANGUAGE_STANDARD = gnu99;
				GCC_NO_COMMON_BLOCKS = YES;
				GCC_WARN_64_TO_32_BIT_CONVERSION = YES;
				GCC_WARN_ABOUT_RETURN_TYPE = YES_ERROR;
				GCC_WARN_UNDECLARED_SELECTOR = YES;
				GCC_WARN_UNINITIALIZED_AUTOS = YES_AGGRESSIVE;
				GCC_WARN_UNUSED_FUNCTION = YES;
				GCC_WARN_UNUSED_VARIABLE = YES;
				IPHONEOS_DEPLOYMENT_TARGET = 9.0;
				MTL_ENABLE_DEBUG_INFO = NO;
				SDKROOT = iphoneos;
				TARGETED_DEVICE_FAMILY = "1,2";
				VALIDATE_PRODUCT = YES;
			};
			name = Release;
		};
		C3E02EDC1C15104A00030EB4 /* Debug */ = {
			isa = XCBuildConfiguration;
			buildSettings = {
				INFOPLIST_FILE = "Distress_JohannHinck WatchKit Extension/Info.plist";
				LD_RUNPATH_SEARCH_PATHS = "$(inherited) @executable_path/Frameworks @executable_path/../../Frameworks";
				PRODUCT_BUNDLE_IDENTIFIER = "com.Concordia.Distress-JohannHinck.watchkitapp.watchkitextension";
				PRODUCT_NAME = "${TARGET_NAME}";
				SDKROOT = watchos;
				SKIP_INSTALL = YES;
				TARGETED_DEVICE_FAMILY = 4;
				WATCHOS_DEPLOYMENT_TARGET = 2.0;
			};
			name = Debug;
		};
		C3E02EDD1C15104A00030EB4 /* Release */ = {
			isa = XCBuildConfiguration;
			buildSettings = {
				INFOPLIST_FILE = "Distress_JohannHinck WatchKit Extension/Info.plist";
				LD_RUNPATH_SEARCH_PATHS = "$(inherited) @executable_path/Frameworks @executable_path/../../Frameworks";
				PRODUCT_BUNDLE_IDENTIFIER = "com.Concordia.Distress-JohannHinck.watchkitapp.watchkitextension";
				PRODUCT_NAME = "${TARGET_NAME}";
				SDKROOT = watchos;
				SKIP_INSTALL = YES;
				TARGETED_DEVICE_FAMILY = 4;
				WATCHOS_DEPLOYMENT_TARGET = 2.0;
			};
			name = Release;
		};
		C3E02EE01C15104A00030EB4 /* Debug */ = {
			isa = XCBuildConfiguration;
			buildSettings = {
				ASSETCATALOG_COMPILER_APPICON_NAME = AppIcon;
				EMBEDDED_CONTENT_CONTAINS_SWIFT = YES;
				IBSC_MODULE = Distress_JohannHinck_WatchKit_Extension;
				INFOPLIST_FILE = "Distress_JohannHinck WatchKit App/Info.plist";
				PRODUCT_BUNDLE_IDENTIFIER = "com.Concordia.Distress-JohannHinck.watchkitapp";
				PRODUCT_NAME = "$(TARGET_NAME)";
				SDKROOT = watchos;
				SKIP_INSTALL = YES;
				TARGETED_DEVICE_FAMILY = 4;
				WATCHOS_DEPLOYMENT_TARGET = 2.0;
			};
			name = Debug;
		};
		C3E02EE11C15104A00030EB4 /* Release */ = {
			isa = XCBuildConfiguration;
			buildSettings = {
				ASSETCATALOG_COMPILER_APPICON_NAME = AppIcon;
				EMBEDDED_CONTENT_CONTAINS_SWIFT = YES;
				IBSC_MODULE = Distress_JohannHinck_WatchKit_Extension;
				INFOPLIST_FILE = "Distress_JohannHinck WatchKit App/Info.plist";
				PRODUCT_BUNDLE_IDENTIFIER = "com.Concordia.Distress-JohannHinck.watchkitapp";
				PRODUCT_NAME = "$(TARGET_NAME)";
				SDKROOT = watchos;
				SKIP_INSTALL = YES;
				TARGETED_DEVICE_FAMILY = 4;
				WATCHOS_DEPLOYMENT_TARGET = 2.0;
			};
			name = Release;
		};
		C3E02EE41C15104A00030EB4 /* Debug */ = {
			isa = XCBuildConfiguration;
			baseConfigurationReference = 0C065B371D407417C1CE2331 /* Pods.debug.xcconfig */;
			buildSettings = {
				ASSETCATALOG_COMPILER_APPICON_NAME = AppIcon;
				INFOPLIST_FILE = Distress_JohannHinck/Info.plist;
				LD_RUNPATH_SEARCH_PATHS = "$(inherited) @executable_path/Frameworks";
				PRODUCT_BUNDLE_IDENTIFIER = "com.Concordia.Distress-JohannHinck";
				PRODUCT_NAME = "$(TARGET_NAME)";
			};
			name = Debug;
		};
		C3E02EE51C15104A00030EB4 /* Release */ = {
			isa = XCBuildConfiguration;
			baseConfigurationReference = CACFAECADE92588FFD8E1FD7 /* Pods.release.xcconfig */;
			buildSettings = {
				ASSETCATALOG_COMPILER_APPICON_NAME = AppIcon;
				INFOPLIST_FILE = Distress_JohannHinck/Info.plist;
				LD_RUNPATH_SEARCH_PATHS = "$(inherited) @executable_path/Frameworks";
				PRODUCT_BUNDLE_IDENTIFIER = "com.Concordia.Distress-JohannHinck";
				PRODUCT_NAME = "$(TARGET_NAME)";
			};
			name = Release;
		};
/* End XCBuildConfiguration section */

/* Begin XCConfigurationList section */
		C3E02EA71C15104A00030EB4 /* Build configuration list for PBXProject "Distress_JohannHinck" */ = {
			isa = XCConfigurationList;
			buildConfigurations = (
				C3E02ED91C15104A00030EB4 /* Debug */,
				C3E02EDA1C15104A00030EB4 /* Release */,
			);
			defaultConfigurationIsVisible = 0;
			defaultConfigurationName = Release;
		};
		C3E02EDB1C15104A00030EB4 /* Build configuration list for PBXNativeTarget "Distress_JohannHinck WatchKit Extension" */ = {
			isa = XCConfigurationList;
			buildConfigurations = (
				C3E02EDC1C15104A00030EB4 /* Debug */,
				C3E02EDD1C15104A00030EB4 /* Release */,
			);
			defaultConfigurationIsVisible = 0;
			defaultConfigurationName = Release;
		};
		C3E02EDF1C15104A00030EB4 /* Build configuration list for PBXNativeTarget "Distress_JohannHinck WatchKit App" */ = {
			isa = XCConfigurationList;
			buildConfigurations = (
				C3E02EE01C15104A00030EB4 /* Debug */,
				C3E02EE11C15104A00030EB4 /* Release */,
			);
			defaultConfigurationIsVisible = 0;
			defaultConfigurationName = Release;
		};
		C3E02EE31C15104A00030EB4 /* Build configuration list for PBXNativeTarget "Distress_JohannHinck" */ = {
			isa = XCConfigurationList;
			buildConfigurations = (
				C3E02EE41C15104A00030EB4 /* Debug */,
				C3E02EE51C15104A00030EB4 /* Release */,
			);
			defaultConfigurationIsVisible = 0;
			defaultConfigurationName = Release;
		};
/* End XCConfigurationList section */
	};
	rootObject = C3E02EA41C15104A00030EB4 /* Project object */;
}
